// !$*UTF8*$!
{
	archiveVersion = 1;
	classes = {
	};
	objectVersion = 50;
	objects = {

/* Begin PBXBuildFile section */
		84836B962531A53700519F36 /* AppDelegate.swift in Sources */ = {isa = PBXBuildFile; fileRef = 84836B952531A53700519F36 /* AppDelegate.swift */; };
		84836B982531A53700519F36 /* SceneDelegate.swift in Sources */ = {isa = PBXBuildFile; fileRef = 84836B972531A53700519F36 /* SceneDelegate.swift */; };
		84836B9A2531A53700519F36 /* ViewController.swift in Sources */ = {isa = PBXBuildFile; fileRef = 84836B992531A53700519F36 /* ViewController.swift */; };
		84836B9D2531A53700519F36 /* Main.storyboard in Resources */ = {isa = PBXBuildFile; fileRef = 84836B9B2531A53700519F36 /* Main.storyboard */; };
		84836B9F2531A53A00519F36 /* Assets.xcassets in Resources */ = {isa = PBXBuildFile; fileRef = 84836B9E2531A53A00519F36 /* Assets.xcassets */; };
		84836BA22531A53A00519F36 /* LaunchScreen.storyboard in Resources */ = {isa = PBXBuildFile; fileRef = 84836BA02531A53A00519F36 /* LaunchScreen.storyboard */; };
		84836BAD2531A61800519F36 /* UIView+Style.swift in Sources */ = {isa = PBXBuildFile; fileRef = 84836BAC2531A61800519F36 /* UIView+Style.swift */; };
		84836BB12531A68300519F36 /* UIView+Utility.swift in Sources */ = {isa = PBXBuildFile; fileRef = 84836BB02531A68300519F36 /* UIView+Utility.swift */; };
		84836BB42531A73C00519F36 /* Callback+Typealias.swift in Sources */ = {isa = PBXBuildFile; fileRef = 84836BB32531A73C00519F36 /* Callback+Typealias.swift */; };
		84836BBA2531FDE100519F36 /* NSLayoutConstraint+RelativeLayout.swift in Sources */ = {isa = PBXBuildFile; fileRef = 84836BB92531FDE100519F36 /* NSLayoutConstraint+RelativeLayout.swift */; };
		84836BC52532039E00519F36 /* LayoutUtility.swift in Sources */ = {isa = PBXBuildFile; fileRef = 84836BC42532039E00519F36 /* LayoutUtility.swift */; };
		84836BCC253217CD00519F36 /* UICollectionView+Updates.swift in Sources */ = {isa = PBXBuildFile; fileRef = 84836BCB253217CD00519F36 /* UICollectionView+Updates.swift */; };
		84836BCF253218E000519F36 /* UIStackView+Animation.swift in Sources */ = {isa = PBXBuildFile; fileRef = 84836BCE253218E000519F36 /* UIStackView+Animation.swift */; };
		84836BD22532197500519F36 /* UITableView+Animation.swift in Sources */ = {isa = PBXBuildFile; fileRef = 84836BD12532197500519F36 /* UITableView+Animation.swift */; };
		84836BD825335B9E00519F36 /* UIViewController+Navigation.swift in Sources */ = {isa = PBXBuildFile; fileRef = 84836BD725335B9E00519F36 /* UIViewController+Navigation.swift */; };
		84836BDC25335F8900519F36 /* UIViewController+Style.swift in Sources */ = {isa = PBXBuildFile; fileRef = 84836BDB25335F8900519F36 /* UIViewController+Style.swift */; };
		84836BDF2533611D00519F36 /* UIButton+Style.swift in Sources */ = {isa = PBXBuildFile; fileRef = 84836BDE2533611D00519F36 /* UIButton+Style.swift */; };
		84836BE4253361B300519F36 /* UIColor.swift in Sources */ = {isa = PBXBuildFile; fileRef = 84836BE3253361B300519F36 /* UIColor.swift */; };
/* End PBXBuildFile section */

/* Begin PBXFileReference section */
		84836B922531A53700519F36 /* UIKitExtensions.app */ = {isa = PBXFileReference; explicitFileType = wrapper.application; includeInIndex = 0; path = UIKitExtensions.app; sourceTree = BUILT_PRODUCTS_DIR; };
		84836B952531A53700519F36 /* AppDelegate.swift */ = {isa = PBXFileReference; lastKnownFileType = sourcecode.swift; path = AppDelegate.swift; sourceTree = "<group>"; };
		84836B972531A53700519F36 /* SceneDelegate.swift */ = {isa = PBXFileReference; lastKnownFileType = sourcecode.swift; path = SceneDelegate.swift; sourceTree = "<group>"; };
		84836B992531A53700519F36 /* ViewController.swift */ = {isa = PBXFileReference; lastKnownFileType = sourcecode.swift; path = ViewController.swift; sourceTree = "<group>"; };
		84836B9C2531A53700519F36 /* Base */ = {isa = PBXFileReference; lastKnownFileType = file.storyboard; name = Base; path = Base.lproj/Main.storyboard; sourceTree = "<group>"; };
		84836B9E2531A53A00519F36 /* Assets.xcassets */ = {isa = PBXFileReference; lastKnownFileType = folder.assetcatalog; path = Assets.xcassets; sourceTree = "<group>"; };
		84836BA12531A53A00519F36 /* Base */ = {isa = PBXFileReference; lastKnownFileType = file.storyboard; name = Base; path = Base.lproj/LaunchScreen.storyboard; sourceTree = "<group>"; };
		84836BA32531A53A00519F36 /* Info.plist */ = {isa = PBXFileReference; lastKnownFileType = text.plist.xml; path = Info.plist; sourceTree = "<group>"; };
		84836BAC2531A61800519F36 /* UIView+Style.swift */ = {isa = PBXFileReference; lastKnownFileType = sourcecode.swift; path = "UIView+Style.swift"; sourceTree = "<group>"; };
		84836BB02531A68300519F36 /* UIView+Utility.swift */ = {isa = PBXFileReference; lastKnownFileType = sourcecode.swift; path = "UIView+Utility.swift"; sourceTree = "<group>"; };
		84836BB32531A73C00519F36 /* Callback+Typealias.swift */ = {isa = PBXFileReference; lastKnownFileType = sourcecode.swift; path = "Callback+Typealias.swift"; sourceTree = "<group>"; };
		84836BB92531FDE100519F36 /* NSLayoutConstraint+RelativeLayout.swift */ = {isa = PBXFileReference; lastKnownFileType = sourcecode.swift; path = "NSLayoutConstraint+RelativeLayout.swift"; sourceTree = "<group>"; };
		84836BC42532039E00519F36 /* LayoutUtility.swift */ = {isa = PBXFileReference; lastKnownFileType = sourcecode.swift; path = LayoutUtility.swift; sourceTree = "<group>"; };
		84836BCB253217CD00519F36 /* UICollectionView+Updates.swift */ = {isa = PBXFileReference; lastKnownFileType = sourcecode.swift; path = "UICollectionView+Updates.swift"; sourceTree = "<group>"; };
		84836BCE253218E000519F36 /* UIStackView+Animation.swift */ = {isa = PBXFileReference; lastKnownFileType = sourcecode.swift; path = "UIStackView+Animation.swift"; sourceTree = "<group>"; };
		84836BD12532197500519F36 /* UITableView+Animation.swift */ = {isa = PBXFileReference; lastKnownFileType = sourcecode.swift; path = "UITableView+Animation.swift"; sourceTree = "<group>"; };
		84836BD725335B9E00519F36 /* UIViewController+Navigation.swift */ = {isa = PBXFileReference; lastKnownFileType = sourcecode.swift; path = "UIViewController+Navigation.swift"; sourceTree = "<group>"; };
		84836BDB25335F8900519F36 /* UIViewController+Style.swift */ = {isa = PBXFileReference; lastKnownFileType = sourcecode.swift; path = "UIViewController+Style.swift"; sourceTree = "<group>"; };
		84836BDE2533611D00519F36 /* UIButton+Style.swift */ = {isa = PBXFileReference; lastKnownFileType = sourcecode.swift; path = "UIButton+Style.swift"; sourceTree = "<group>"; };
		84836BE3253361B300519F36 /* UIColor.swift */ = {isa = PBXFileReference; lastKnownFileType = sourcecode.swift; path = UIColor.swift; sourceTree = "<group>"; };
/* End PBXFileReference section */

/* Begin PBXFrameworksBuildPhase section */
		84836B8F2531A53700519F36 /* Frameworks */ = {
			isa = PBXFrameworksBuildPhase;
			buildActionMask = 2147483647;
			files = (
			);
			runOnlyForDeploymentPostprocessing = 0;
		};
/* End PBXFrameworksBuildPhase section */

/* Begin PBXGroup section */
		84836B892531A53700519F36 = {
			isa = PBXGroup;
			children = (
				84836B942531A53700519F36 /* UIKitExtensions */,
				84836B932531A53700519F36 /* Products */,
			);
			sourceTree = "<group>";
		};
		84836B932531A53700519F36 /* Products */ = {
			isa = PBXGroup;
			children = (
				84836B922531A53700519F36 /* UIKitExtensions.app */,
			);
			name = Products;
			sourceTree = "<group>";
		};
		84836B942531A53700519F36 /* UIKitExtensions */ = {
			isa = PBXGroup;
			children = (
				84836BAA2531A5F700519F36 /* Sources */,
				84836B952531A53700519F36 /* AppDelegate.swift */,
				84836B972531A53700519F36 /* SceneDelegate.swift */,
				84836B992531A53700519F36 /* ViewController.swift */,
				84836B9B2531A53700519F36 /* Main.storyboard */,
				84836B9E2531A53A00519F36 /* Assets.xcassets */,
				84836BA02531A53A00519F36 /* LaunchScreen.storyboard */,
				84836BA32531A53A00519F36 /* Info.plist */,
			);
			path = UIKitExtensions;
			sourceTree = "<group>";
		};
		84836BAA2531A5F700519F36 /* Sources */ = {
			isa = PBXGroup;
			children = (
				84836BBD2532019200519F36 /* Classes */,
				84836BBE253201A200519F36 /* Extensions */,
			);
			path = Sources;
			sourceTree = "<group>";
		};
		84836BBD2532019200519F36 /* Classes */ = {
			isa = PBXGroup;
			children = (
				84836BC42532039E00519F36 /* LayoutUtility.swift */,
			);
			path = Classes;
			sourceTree = "<group>";
		};
		84836BBE253201A200519F36 /* Extensions */ = {
			isa = PBXGroup;
			children = (
				84836BB32531A73C00519F36 /* Callback+Typealias.swift */,
				84836BB92531FDE100519F36 /* NSLayoutConstraint+RelativeLayout.swift */,
				84836BDE2533611D00519F36 /* UIButton+Style.swift */,
				84836BCB253217CD00519F36 /* UICollectionView+Updates.swift */,
				84836BCE253218E000519F36 /* UIStackView+Animation.swift */,
				84836BD12532197500519F36 /* UITableView+Animation.swift */,
				84836BAC2531A61800519F36 /* UIView+Style.swift */,
				84836BB02531A68300519F36 /* UIView+Utility.swift */,
				84836BD725335B9E00519F36 /* UIViewController+Navigation.swift */,
				84836BDB25335F8900519F36 /* UIViewController+Style.swift */,
				84836BE3253361B300519F36 /* UIColor.swift */,
			);
			path = Extensions;
			sourceTree = "<group>";
		};
/* End PBXGroup section */

/* Begin PBXNativeTarget section */
		84836B912531A53700519F36 /* UIKitExtensions */ = {
			isa = PBXNativeTarget;
			buildConfigurationList = 84836BA62531A53A00519F36 /* Build configuration list for PBXNativeTarget "UIKitExtensions" */;
			buildPhases = (
				84836B8E2531A53700519F36 /* Sources */,
				84836B8F2531A53700519F36 /* Frameworks */,
				84836B902531A53700519F36 /* Resources */,
			);
			buildRules = (
			);
			dependencies = (
			);
			name = UIKitExtensions;
			productName = UIKitExtensions;
			productReference = 84836B922531A53700519F36 /* UIKitExtensions.app */;
			productType = "com.apple.product-type.application";
		};
/* End PBXNativeTarget section */

/* Begin PBXProject section */
		84836B8A2531A53700519F36 /* Project object */ = {
			isa = PBXProject;
			attributes = {
				LastSwiftUpdateCheck = 1200;
				LastUpgradeCheck = 1200;
				TargetAttributes = {
					84836B912531A53700519F36 = {
						CreatedOnToolsVersion = 12.0.1;
					};
				};
			};
			buildConfigurationList = 84836B8D2531A53700519F36 /* Build configuration list for PBXProject "UIKitExtensions" */;
			compatibilityVersion = "Xcode 9.3";
			developmentRegion = en;
			hasScannedForEncodings = 0;
			knownRegions = (
				en,
				Base,
			);
			mainGroup = 84836B892531A53700519F36;
			productRefGroup = 84836B932531A53700519F36 /* Products */;
			projectDirPath = "";
			projectRoot = "";
			targets = (
				84836B912531A53700519F36 /* UIKitExtensions */,
			);
		};
/* End PBXProject section */

/* Begin PBXResourcesBuildPhase section */
		84836B902531A53700519F36 /* Resources */ = {
			isa = PBXResourcesBuildPhase;
			buildActionMask = 2147483647;
			files = (
				84836BA22531A53A00519F36 /* LaunchScreen.storyboard in Resources */,
				84836B9F2531A53A00519F36 /* Assets.xcassets in Resources */,
				84836B9D2531A53700519F36 /* Main.storyboard in Resources */,
			);
			runOnlyForDeploymentPostprocessing = 0;
		};
/* End PBXResourcesBuildPhase section */

/* Begin PBXSourcesBuildPhase section */
		84836B8E2531A53700519F36 /* Sources */ = {
			isa = PBXSourcesBuildPhase;
			buildActionMask = 2147483647;
			files = (
				84836BD825335B9E00519F36 /* UIViewController+Navigation.swift in Sources */,
				84836BDF2533611D00519F36 /* UIButton+Style.swift in Sources */,
				84836B9A2531A53700519F36 /* ViewController.swift in Sources */,
				84836BB42531A73C00519F36 /* Callback+Typealias.swift in Sources */,
				84836BE4253361B300519F36 /* UIColor.swift in Sources */,
				84836BB12531A68300519F36 /* UIView+Utility.swift in Sources */,
				84836BCC253217CD00519F36 /* UICollectionView+Updates.swift in Sources */,
				84836BBA2531FDE100519F36 /* NSLayoutConstraint+RelativeLayout.swift in Sources */,
				84836B962531A53700519F36 /* AppDelegate.swift in Sources */,
				84836BAD2531A61800519F36 /* UIView+Style.swift in Sources */,
				84836BD22532197500519F36 /* UITableView+Animation.swift in Sources */,
				84836BCF253218E000519F36 /* UIStackView+Animation.swift in Sources */,
				84836B982531A53700519F36 /* SceneDelegate.swift in Sources */,
				84836BDC25335F8900519F36 /* UIViewController+Style.swift in Sources */,
				84836BC52532039E00519F36 /* LayoutUtility.swift in Sources */,
			);
			runOnlyForDeploymentPostprocessing = 0;
		};
/* End PBXSourcesBuildPhase section */

/* Begin PBXVariantGroup section */
		84836B9B2531A53700519F36 /* Main.storyboard */ = {
			isa = PBXVariantGroup;
			children = (
				84836B9C2531A53700519F36 /* Base */,
			);
			name = Main.storyboard;
			sourceTree = "<group>";
		};
		84836BA02531A53A00519F36 /* LaunchScreen.storyboard */ = {
			isa = PBXVariantGroup;
			children = (
				84836BA12531A53A00519F36 /* Base */,
			);
			name = LaunchScreen.storyboard;
			sourceTree = "<group>";
		};
/* End PBXVariantGroup section */

/* Begin XCBuildConfiguration section */
		84836BA42531A53A00519F36 /* Debug */ = {
			isa = XCBuildConfiguration;
			buildSettings = {
				ALWAYS_SEARCH_USER_PATHS = NO;
				CLANG_ANALYZER_NONNULL = YES;
				CLANG_ANALYZER_NUMBER_OBJECT_CONVERSION = YES_AGGRESSIVE;
				CLANG_CXX_LANGUAGE_STANDARD = "gnu++14";
				CLANG_CXX_LIBRARY = "libc++";
				CLANG_ENABLE_MODULES = YES;
				CLANG_ENABLE_OBJC_ARC = YES;
				CLANG_ENABLE_OBJC_WEAK = YES;
				CLANG_WARN_BLOCK_CAPTURE_AUTORELEASING = YES;
				CLANG_WARN_BOOL_CONVERSION = YES;
				CLANG_WARN_COMMA = YES;
				CLANG_WARN_CONSTANT_CONVERSION = YES;
				CLANG_WARN_DEPRECATED_OBJC_IMPLEMENTATIONS = YES;
				CLANG_WARN_DIRECT_OBJC_ISA_USAGE = YES_ERROR;
				CLANG_WARN_DOCUMENTATION_COMMENTS = YES;
				CLANG_WARN_EMPTY_BODY = YES;
				CLANG_WARN_ENUM_CONVERSION = YES;
				CLANG_WARN_INFINITE_RECURSION = YES;
				CLANG_WARN_INT_CONVERSION = YES;
				CLANG_WARN_NON_LITERAL_NULL_CONVERSION = YES;
				CLANG_WARN_OBJC_IMPLICIT_RETAIN_SELF = YES;
				CLANG_WARN_OBJC_LITERAL_CONVERSION = YES;
				CLANG_WARN_OBJC_ROOT_CLASS = YES_ERROR;
				CLANG_WARN_QUOTED_INCLUDE_IN_FRAMEWORK_HEADER = YES;
				CLANG_WARN_RANGE_LOOP_ANALYSIS = YES;
				CLANG_WARN_STRICT_PROTOTYPES = YES;
				CLANG_WARN_SUSPICIOUS_MOVE = YES;
				CLANG_WARN_UNGUARDED_AVAILABILITY = YES_AGGRESSIVE;
				CLANG_WARN_UNREACHABLE_CODE = YES;
				CLANG_WARN__DUPLICATE_METHOD_MATCH = YES;
				COPY_PHASE_STRIP = NO;
				DEBUG_INFORMATION_FORMAT = dwarf;
				ENABLE_STRICT_OBJC_MSGSEND = YES;
				ENABLE_TESTABILITY = YES;
				GCC_C_LANGUAGE_STANDARD = gnu11;
				GCC_DYNAMIC_NO_PIC = NO;
				GCC_NO_COMMON_BLOCKS = YES;
				GCC_OPTIMIZATION_LEVEL = 0;
				GCC_PREPROCESSOR_DEFINITIONS = (
					"DEBUG=1",
					"$(inherited)",
				);
				GCC_WARN_64_TO_32_BIT_CONVERSION = YES;
				GCC_WARN_ABOUT_RETURN_TYPE = YES_ERROR;
				GCC_WARN_UNDECLARED_SELECTOR = YES;
				GCC_WARN_UNINITIALIZED_AUTOS = YES_AGGRESSIVE;
				GCC_WARN_UNUSED_FUNCTION = YES;
				GCC_WARN_UNUSED_VARIABLE = YES;
				IPHONEOS_DEPLOYMENT_TARGET = 14.0;
				MTL_ENABLE_DEBUG_INFO = INCLUDE_SOURCE;
				MTL_FAST_MATH = YES;
				ONLY_ACTIVE_ARCH = YES;
				SDKROOT = iphoneos;
				SWIFT_ACTIVE_COMPILATION_CONDITIONS = DEBUG;
				SWIFT_OPTIMIZATION_LEVEL = "-Onone";
			};
			name = Debug;
		};
		84836BA52531A53A00519F36 /* Release */ = {
			isa = XCBuildConfiguration;
			buildSettings = {
				ALWAYS_SEARCH_USER_PATHS = NO;
				CLANG_ANALYZER_NONNULL = YES;
				CLANG_ANALYZER_NUMBER_OBJECT_CONVERSION = YES_AGGRESSIVE;
				CLANG_CXX_LANGUAGE_STANDARD = "gnu++14";
				CLANG_CXX_LIBRARY = "libc++";
				CLANG_ENABLE_MODULES = YES;
				CLANG_ENABLE_OBJC_ARC = YES;
				CLANG_ENABLE_OBJC_WEAK = YES;
				CLANG_WARN_BLOCK_CAPTURE_AUTORELEASING = YES;
				CLANG_WARN_BOOL_CONVERSION = YES;
				CLANG_WARN_COMMA = YES;
				CLANG_WARN_CONSTANT_CONVERSION = YES;
				CLANG_WARN_DEPRECATED_OBJC_IMPLEMENTATIONS = YES;
				CLANG_WARN_DIRECT_OBJC_ISA_USAGE = YES_ERROR;
				CLANG_WARN_DOCUMENTATION_COMMENTS = YES;
				CLANG_WARN_EMPTY_BODY = YES;
				CLANG_WARN_ENUM_CONVERSION = YES;
				CLANG_WARN_INFINITE_RECURSION = YES;
				CLANG_WARN_INT_CONVERSION = YES;
				CLANG_WARN_NON_LITERAL_NULL_CONVERSION = YES;
				CLANG_WARN_OBJC_IMPLICIT_RETAIN_SELF = YES;
				CLANG_WARN_OBJC_LITERAL_CONVERSION = YES;
				CLANG_WARN_OBJC_ROOT_CLASS = YES_ERROR;
				CLANG_WARN_QUOTED_INCLUDE_IN_FRAMEWORK_HEADER = YES;
				CLANG_WARN_RANGE_LOOP_ANALYSIS = YES;
				CLANG_WARN_STRICT_PROTOTYPES = YES;
				CLANG_WARN_SUSPICIOUS_MOVE = YES;
				CLANG_WARN_UNGUARDED_AVAILABILITY = YES_AGGRESSIVE;
				CLANG_WARN_UNREACHABLE_CODE = YES;
				CLANG_WARN__DUPLICATE_METHOD_MATCH = YES;
				COPY_PHASE_STRIP = NO;
				DEBUG_INFORMATION_FORMAT = "dwarf-with-dsym";
				ENABLE_NS_ASSERTIONS = NO;
				ENABLE_STRICT_OBJC_MSGSEND = YES;
				GCC_C_LANGUAGE_STANDARD = gnu11;
				GCC_NO_COMMON_BLOCKS = YES;
				GCC_WARN_64_TO_32_BIT_CONVERSION = YES;
				GCC_WARN_ABOUT_RETURN_TYPE = YES_ERROR;
				GCC_WARN_UNDECLARED_SELECTOR = YES;
				GCC_WARN_UNINITIALIZED_AUTOS = YES_AGGRESSIVE;
				GCC_WARN_UNUSED_FUNCTION = YES;
				GCC_WARN_UNUSED_VARIABLE = YES;
				IPHONEOS_DEPLOYMENT_TARGET = 14.0;
				MTL_ENABLE_DEBUG_INFO = NO;
				MTL_FAST_MATH = YES;
				SDKROOT = iphoneos;
				SWIFT_COMPILATION_MODE = wholemodule;
				SWIFT_OPTIMIZATION_LEVEL = "-O";
				VALIDATE_PRODUCT = YES;
			};
			name = Release;
		};
		84836BA72531A53A00519F36 /* Debug */ = {
			isa = XCBuildConfiguration;
			buildSettings = {
				ASSETCATALOG_COMPILER_APPICON_NAME = AppIcon;
				ASSETCATALOG_COMPILER_GLOBAL_ACCENT_COLOR_NAME = AccentColor;
				CODE_SIGN_STYLE = Automatic;
				DEVELOPMENT_TEAM = V2YHZHU2B7;
				INFOPLIST_FILE = UIKitExtensions/Info.plist;
				LD_RUNPATH_SEARCH_PATHS = (
					"$(inherited)",
					"@executable_path/Frameworks",
				);
				PRODUCT_BUNDLE_IDENTIFIER = utility.UIKitExtensions;
				PRODUCT_NAME = "$(TARGET_NAME)";
				SWIFT_VERSION = 5.0;
				TARGETED_DEVICE_FAMILY = "1,2";
			};
			name = Debug;
		};
		84836BA82531A53A00519F36 /* Release */ = {
			isa = XCBuildConfiguration;
			buildSettings = {
				ASSETCATALOG_COMPILER_APPICON_NAME = AppIcon;
				ASSETCATALOG_COMPILER_GLOBAL_ACCENT_COLOR_NAME = AccentColor;
				CODE_SIGN_STYLE = Automatic;
				DEVELOPMENT_TEAM = V2YHZHU2B7;
				INFOPLIST_FILE = UIKitExtensions/Info.plist;
				LD_RUNPATH_SEARCH_PATHS = (
					"$(inherited)",
					"@executable_path/Frameworks",
				);
				PRODUCT_BUNDLE_IDENTIFIER = utility.UIKitExtensions;
				PRODUCT_NAME = "$(TARGET_NAME)";
				SWIFT_VERSION = 5.0;
				TARGETED_DEVICE_FAMILY = "1,2";
			};
			name = Release;
		};
/* End XCBuildConfiguration section */

/* Begin XCConfigurationList section */
		84836B8D2531A53700519F36 /* Build configuration list for PBXProject "UIKitExtensions" */ = {
			isa = XCConfigurationList;
			buildConfigurations = (
				84836BA42531A53A00519F36 /* Debug */,
				84836BA52531A53A00519F36 /* Release */,
			);
			defaultConfigurationIsVisible = 0;
			defaultConfigurationName = Release;
		};
		84836BA62531A53A00519F36 /* Build configuration list for PBXNativeTarget "UIKitExtensions" */ = {
			isa = XCConfigurationList;
			buildConfigurations = (
				84836BA72531A53A00519F36 /* Debug */,
				84836BA82531A53A00519F36 /* Release */,
			);
			defaultConfigurationIsVisible = 0;
			defaultConfigurationName = Release;
		};
/* End XCConfigurationList section */
	};
	rootObject = 84836B8A2531A53700519F36 /* Project object */;
}
